// !$*UTF8*$!
{
	archiveVersion = 1;
	classes = {
	};
	objectVersion = 46;
	objects = {

/* Begin PBXBuildFile section */
		44AE2F1D1C51710300BF963C /* AppDelegate.swift in Sources */ = {isa = PBXBuildFile; fileRef = 44AE2F1C1C51710300BF963C /* AppDelegate.swift */; };
		44AE2F1F1C51710300BF963C /* RootViewController.swift in Sources */ = {isa = PBXBuildFile; fileRef = 44AE2F1E1C51710300BF963C /* RootViewController.swift */; };
		44AE2F211C51710300BF963C /* DataViewController.swift in Sources */ = {isa = PBXBuildFile; fileRef = 44AE2F201C51710300BF963C /* DataViewController.swift */; };
		44AE2F231C51710300BF963C /* ModelController.swift in Sources */ = {isa = PBXBuildFile; fileRef = 44AE2F221C51710300BF963C /* ModelController.swift */; };
		44AE2F261C51710300BF963C /* Main.storyboard in Resources */ = {isa = PBXBuildFile; fileRef = 44AE2F241C51710300BF963C /* Main.storyboard */; };
		44AE2F281C51710300BF963C /* Assets.xcassets in Resources */ = {isa = PBXBuildFile; fileRef = 44AE2F271C51710300BF963C /* Assets.xcassets */; };
		44AE2F2B1C51710300BF963C /* LaunchScreen.storyboard in Resources */ = {isa = PBXBuildFile; fileRef = 44AE2F291C51710300BF963C /* LaunchScreen.storyboard */; };
		44AE2F361C51710400BF963C /* TestAppTests.swift in Sources */ = {isa = PBXBuildFile; fileRef = 44AE2F351C51710400BF963C /* TestAppTests.swift */; };
		44AE2F411C51710400BF963C /* TestAppUITests.swift in Sources */ = {isa = PBXBuildFile; fileRef = 44AE2F401C51710400BF963C /* TestAppUITests.swift */; };
/* End PBXBuildFile section */

/* Begin PBXContainerItemProxy section */
		44AE2F321C51710400BF963C /* PBXContainerItemProxy */ = {
			isa = PBXContainerItemProxy;
			containerPortal = 44AE2F111C51710300BF963C /* Project object */;
			proxyType = 1;
			remoteGlobalIDString = 44AE2F181C51710300BF963C;
			remoteInfo = TestApp;
		};
		44AE2F3D1C51710400BF963C /* PBXContainerItemProxy */ = {
			isa = PBXContainerItemProxy;
			containerPortal = 44AE2F111C51710300BF963C /* Project object */;
			proxyType = 1;
			remoteGlobalIDString = 44AE2F181C51710300BF963C;
			remoteInfo = TestApp;
		};
/* End PBXContainerItemProxy section */

/* Begin PBXFileReference section */
		44AE2F191C51710300BF963C /* TestApp.app */ = {isa = PBXFileReference; explicitFileType = wrapper.application; includeInIndex = 0; path = TestApp.app; sourceTree = BUILT_PRODUCTS_DIR; };
		44AE2F1C1C51710300BF963C /* AppDelegate.swift */ = {isa = PBXFileReference; lastKnownFileType = sourcecode.swift; path = AppDelegate.swift; sourceTree = "<group>"; };
		44AE2F1E1C51710300BF963C /* RootViewController.swift */ = {isa = PBXFileReference; lastKnownFileType = sourcecode.swift; path = RootViewController.swift; sourceTree = "<group>"; };
		44AE2F201C51710300BF963C /* DataViewController.swift */ = {isa = PBXFileReference; lastKnownFileType = sourcecode.swift; path = DataViewController.swift; sourceTree = "<group>"; };
		44AE2F221C51710300BF963C /* ModelController.swift */ = {isa = PBXFileReference; lastKnownFileType = sourcecode.swift; path = ModelController.swift; sourceTree = "<group>"; };
		44AE2F251C51710300BF963C /* Base */ = {isa = PBXFileReference; lastKnownFileType = file.storyboard; name = Base; path = Base.lproj/Main.storyboard; sourceTree = "<group>"; };
		44AE2F271C51710300BF963C /* Assets.xcassets */ = {isa = PBXFileReference; lastKnownFileType = folder.assetcatalog; path = Assets.xcassets; sourceTree = "<group>"; };
		44AE2F2A1C51710300BF963C /* Base */ = {isa = PBXFileReference; lastKnownFileType = file.storyboard; name = Base; path = Base.lproj/LaunchScreen.storyboard; sourceTree = "<group>"; };
		44AE2F2C1C51710400BF963C /* Info.plist */ = {isa = PBXFileReference; lastKnownFileType = text.plist.xml; path = Info.plist; sourceTree = "<group>"; };
		44AE2F311C51710400BF963C /* TestAppTests.xctest */ = {isa = PBXFileReference; explicitFileType = wrapper.cfbundle; includeInIndex = 0; path = TestAppTests.xctest; sourceTree = BUILT_PRODUCTS_DIR; };
		44AE2F351C51710400BF963C /* TestAppTests.swift */ = {isa = PBXFileReference; lastKnownFileType = sourcecode.swift; path = TestAppTests.swift; sourceTree = "<group>"; };
		44AE2F371C51710400BF963C /* Info.plist */ = {isa = PBXFileReference; lastKnownFileType = text.plist.xml; path = Info.plist; sourceTree = "<group>"; };
		44AE2F3C1C51710400BF963C /* TestAppUITests.xctest */ = {isa = PBXFileReference; explicitFileType = wrapper.cfbundle; includeInIndex = 0; path = TestAppUITests.xctest; sourceTree = BUILT_PRODUCTS_DIR; };
		44AE2F401C51710400BF963C /* TestAppUITests.swift */ = {isa = PBXFileReference; lastKnownFileType = sourcecode.swift; path = TestAppUITests.swift; sourceTree = "<group>"; };
		44AE2F421C51710400BF963C /* Info.plist */ = {isa = PBXFileReference; lastKnownFileType = text.plist.xml; path = Info.plist; sourceTree = "<group>"; };
/* End PBXFileReference section */

/* Begin PBXFrameworksBuildPhase section */
		44AE2F161C51710300BF963C /* Frameworks */ = {
			isa = PBXFrameworksBuildPhase;
			buildActionMask = 2147483647;
			files = (
			);
			runOnlyForDeploymentPostprocessing = 0;
		};
		44AE2F2E1C51710400BF963C /* Frameworks */ = {
			isa = PBXFrameworksBuildPhase;
			buildActionMask = 2147483647;
			files = (
			);
			runOnlyForDeploymentPostprocessing = 0;
		};
		44AE2F391C51710400BF963C /* Frameworks */ = {
			isa = PBXFrameworksBuildPhase;
			buildActionMask = 2147483647;
			files = (
			);
			runOnlyForDeploymentPostprocessing = 0;
		};
/* End PBXFrameworksBuildPhase section */

/* Begin PBXGroup section */
		44AE2F101C51710300BF963C = {
			isa = PBXGroup;
			children = (
				44AE2F1B1C51710300BF963C /* TestApp */,
				44AE2F341C51710400BF963C /* TestAppTests */,
				44AE2F3F1C51710400BF963C /* TestAppUITests */,
				44AE2F1A1C51710300BF963C /* Products */,
			);
			sourceTree = "<group>";
		};
		44AE2F1A1C51710300BF963C /* Products */ = {
			isa = PBXGroup;
			children = (
				44AE2F191C51710300BF963C /* TestApp.app */,
				44AE2F311C51710400BF963C /* TestAppTests.xctest */,
				44AE2F3C1C51710400BF963C /* TestAppUITests.xctest */,
			);
			name = Products;
			sourceTree = "<group>";
		};
		44AE2F1B1C51710300BF963C /* TestApp */ = {
			isa = PBXGroup;
			children = (
				44AE2F1C1C51710300BF963C /* AppDelegate.swift */,
				44AE2F1E1C51710300BF963C /* RootViewController.swift */,
				44AE2F201C51710300BF963C /* DataViewController.swift */,
				44AE2F221C51710300BF963C /* ModelController.swift */,
				44AE2F241C51710300BF963C /* Main.storyboard */,
				44AE2F271C51710300BF963C /* Assets.xcassets */,
				44AE2F291C51710300BF963C /* LaunchScreen.storyboard */,
				44AE2F2C1C51710400BF963C /* Info.plist */,
			);
			path = TestApp;
			sourceTree = "<group>";
		};
		44AE2F341C51710400BF963C /* TestAppTests */ = {
			isa = PBXGroup;
			children = (
				44AE2F351C51710400BF963C /* TestAppTests.swift */,
				44AE2F371C51710400BF963C /* Info.plist */,
			);
			path = TestAppTests;
			sourceTree = "<group>";
		};
		44AE2F3F1C51710400BF963C /* TestAppUITests */ = {
			isa = PBXGroup;
			children = (
				44AE2F401C51710400BF963C /* TestAppUITests.swift */,
				44AE2F421C51710400BF963C /* Info.plist */,
			);
			path = TestAppUITests;
			sourceTree = "<group>";
		};
/* End PBXGroup section */

/* Begin PBXNativeTarget section */
		44AE2F181C51710300BF963C /* TestApp */ = {
			isa = PBXNativeTarget;
			buildConfigurationList = 44AE2F451C51710400BF963C /* Build configuration list for PBXNativeTarget "TestApp" */;
			buildPhases = (
				44AE2F151C51710300BF963C /* Sources */,
				44AE2F161C51710300BF963C /* Frameworks */,
				44AE2F171C51710300BF963C /* Resources */,
			);
			buildRules = (
			);
			dependencies = (
			);
			name = TestApp;
			productName = TestApp;
			productReference = 44AE2F191C51710300BF963C /* TestApp.app */;
			productType = "com.apple.product-type.application";
		};
		44AE2F301C51710400BF963C /* TestAppTests */ = {
			isa = PBXNativeTarget;
			buildConfigurationList = 44AE2F481C51710400BF963C /* Build configuration list for PBXNativeTarget "TestAppTests" */;
			buildPhases = (
				44AE2F2D1C51710400BF963C /* Sources */,
				44AE2F2E1C51710400BF963C /* Frameworks */,
				44AE2F2F1C51710400BF963C /* Resources */,
			);
			buildRules = (
			);
			dependencies = (
				44AE2F331C51710400BF963C /* PBXTargetDependency */,
			);
			name = TestAppTests;
			productName = TestAppTests;
			productReference = 44AE2F311C51710400BF963C /* TestAppTests.xctest */;
			productType = "com.apple.product-type.bundle.unit-test";
		};
		44AE2F3B1C51710400BF963C /* TestAppUITests */ = {
			isa = PBXNativeTarget;
			buildConfigurationList = 44AE2F4B1C51710400BF963C /* Build configuration list for PBXNativeTarget "TestAppUITests" */;
			buildPhases = (
				44AE2F381C51710400BF963C /* Sources */,
				44AE2F391C51710400BF963C /* Frameworks */,
				44AE2F3A1C51710400BF963C /* Resources */,
			);
			buildRules = (
			);
			dependencies = (
				44AE2F3E1C51710400BF963C /* PBXTargetDependency */,
			);
			name = TestAppUITests;
			productName = TestAppUITests;
			productReference = 44AE2F3C1C51710400BF963C /* TestAppUITests.xctest */;
			productType = "com.apple.product-type.bundle.ui-testing";
		};
/* End PBXNativeTarget section */

/* Begin PBXProject section */
		44AE2F111C51710300BF963C /* Project object */ = {
			isa = PBXProject;
			attributes = {
				LastSwiftUpdateCheck = 0720;
				LastUpgradeCheck = 0720;
				ORGANIZATIONNAME = "Quyen Castellanos";
				TargetAttributes = {
					44AE2F181C51710300BF963C = {
						CreatedOnToolsVersion = 7.2;
					};
					44AE2F301C51710400BF963C = {
						CreatedOnToolsVersion = 7.2;
						TestTargetID = 44AE2F181C51710300BF963C;
					};
					44AE2F3B1C51710400BF963C = {
						CreatedOnToolsVersion = 7.2;
						TestTargetID = 44AE2F181C51710300BF963C;
					};
				};
			};
			buildConfigurationList = 44AE2F141C51710300BF963C /* Build configuration list for PBXProject "TestApp" */;
			compatibilityVersion = "Xcode 3.2";
			developmentRegion = English;
			hasScannedForEncodings = 0;
			knownRegions = (
				en,
				Base,
			);
			mainGroup = 44AE2F101C51710300BF963C;
			productRefGroup = 44AE2F1A1C51710300BF963C /* Products */;
			projectDirPath = "";
			projectRoot = "";
			targets = (
				44AE2F181C51710300BF963C /* TestApp */,
				44AE2F301C51710400BF963C /* TestAppTests */,
				44AE2F3B1C51710400BF963C /* TestAppUITests */,
			);
		};
/* End PBXProject section */

/* Begin PBXResourcesBuildPhase section */
		44AE2F171C51710300BF963C /* Resources */ = {
			isa = PBXResourcesBuildPhase;
			buildActionMask = 2147483647;
			files = (
				44AE2F2B1C51710300BF963C /* LaunchScreen.storyboard in Resources */,
				44AE2F281C51710300BF963C /* Assets.xcassets in Resources */,
				44AE2F261C51710300BF963C /* Main.storyboard in Resources */,
			);
			runOnlyForDeploymentPostprocessing = 0;
		};
		44AE2F2F1C51710400BF963C /* Resources */ = {
			isa = PBXResourcesBuildPhase;
			buildActionMask = 2147483647;
			files = (
			);
			runOnlyForDeploymentPostprocessing = 0;
		};
		44AE2F3A1C51710400BF963C /* Resources */ = {
			isa = PBXResourcesBuildPhase;
			buildActionMask = 2147483647;
			files = (
			);
			runOnlyForDeploymentPostprocessing = 0;
		};
/* End PBXResourcesBuildPhase section */

/* Begin PBXSourcesBuildPhase section */
		44AE2F151C51710300BF963C /* Sources */ = {
			isa = PBXSourcesBuildPhase;
			buildActionMask = 2147483647;
			files = (
				44AE2F1F1C51710300BF963C /* RootViewController.swift in Sources */,
				44AE2F231C51710300BF963C /* ModelController.swift in Sources */,
				44AE2F211C51710300BF963C /* DataViewController.swift in Sources */,
				44AE2F1D1C51710300BF963C /* AppDelegate.swift in Sources */,
			);
			runOnlyForDeploymentPostprocessing = 0;
		};
		44AE2F2D1C51710400BF963C /* Sources */ = {
			isa = PBXSourcesBuildPhase;
			buildActionMask = 2147483647;
			files = (
				44AE2F361C51710400BF963C /* TestAppTests.swift in Sources */,
			);
			runOnlyForDeploymentPostprocessing = 0;
		};
		44AE2F381C51710400BF963C /* Sources */ = {
			isa = PBXSourcesBuildPhase;
			buildActionMask = 2147483647;
			files = (
				44AE2F411C51710400BF963C /* TestAppUITests.swift in Sources */,
			);
			runOnlyForDeploymentPostprocessing = 0;
		};
/* End PBXSourcesBuildPhase section */

/* Begin PBXTargetDependency section */
		44AE2F331C51710400BF963C /* PBXTargetDependency */ = {
			isa = PBXTargetDependency;
			target = 44AE2F181C51710300BF963C /* TestApp */;
			targetProxy = 44AE2F321C51710400BF963C /* PBXContainerItemProxy */;
		};
		44AE2F3E1C51710400BF963C /* PBXTargetDependency */ = {
			isa = PBXTargetDependency;
			target = 44AE2F181C51710300BF963C /* TestApp */;
			targetProxy = 44AE2F3D1C51710400BF963C /* PBXContainerItemProxy */;
		};
/* End PBXTargetDependency section */

/* Begin PBXVariantGroup section */
		44AE2F241C51710300BF963C /* Main.storyboard */ = {
			isa = PBXVariantGroup;
			children = (
				44AE2F251C51710300BF963C /* Base */,
			);
			name = Main.storyboard;
			sourceTree = "<group>";
		};
		44AE2F291C51710300BF963C /* LaunchScreen.storyboard */ = {
			isa = PBXVariantGroup;
			children = (
				44AE2F2A1C51710300BF963C /* Base */,
			);
			name = LaunchScreen.storyboard;
			sourceTree = "<group>";
		};
/* End PBXVariantGroup section */

/* Begin XCBuildConfiguration section */
		44AE2F431C51710400BF963C /* Debug */ = {
			isa = XCBuildConfiguration;
			buildSettings = {
				ALWAYS_SEARCH_USER_PATHS = NO;
				CLANG_CXX_LANGUAGE_STANDARD = "gnu++0x";
				CLANG_CXX_LIBRARY = "libc++";
				CLANG_ENABLE_MODULES = YES;
				CLANG_ENABLE_OBJC_ARC = YES;
				CLANG_WARN_BOOL_CONVERSION = YES;
				CLANG_WARN_CONSTANT_CONVERSION = YES;
				CLANG_WARN_DIRECT_OBJC_ISA_USAGE = YES_ERROR;
				CLANG_WARN_EMPTY_BODY = YES;
				CLANG_WARN_ENUM_CONVERSION = YES;
				CLANG_WARN_INT_CONVERSION = YES;
				CLANG_WARN_OBJC_ROOT_CLASS = YES_ERROR;
				CLANG_WARN_UNREACHABLE_CODE = YES;
				CLANG_WARN__DUPLICATE_METHOD_MATCH = YES;
				"CODE_SIGN_IDENTITY[sdk=iphoneos*]" = "iPhone Developer";
				COPY_PHASE_STRIP = NO;
				DEBUG_INFORMATION_FORMAT = dwarf;
				ENABLE_STRICT_OBJC_MSGSEND = YES;
				ENABLE_TESTABILITY = YES;
				GCC_C_LANGUAGE_STANDARD = gnu99;
				GCC_DYNAMIC_NO_PIC = NO;
				GCC_NO_COMMON_BLOCKS = YES;
				GCC_OPTIMIZATION_LEVEL = 0;
				GCC_PREPROCESSOR_DEFINITIONS = (
					"DEBUG=1",
					"$(inherited)",
				);
				GCC_WARN_64_TO_32_BIT_CONVERSION = YES;
				GCC_WARN_ABOUT_RETURN_TYPE = YES_ERROR;
				GCC_WARN_UNDECLARED_SELECTOR = YES;
				GCC_WARN_UNINITIALIZED_AUTOS = YES_AGGRESSIVE;
				GCC_WARN_UNUSED_FUNCTION = YES;
				GCC_WARN_UNUSED_VARIABLE = YES;
				IPHONEOS_DEPLOYMENT_TARGET = 9.2;
				MTL_ENABLE_DEBUG_INFO = YES;
				ONLY_ACTIVE_ARCH = YES;
				SDKROOT = iphoneos;
				SWIFT_OPTIMIZATION_LEVEL = "-Onone";
			};
			name = Debug;
		};
		44AE2F441C51710400BF963C /* Release */ = {
			isa = XCBuildConfiguration;
			buildSettings = {
				ALWAYS_SEARCH_USER_PATHS = NO;
				CLANG_CXX_LANGUAGE_STANDARD = "gnu++0x";
				CLANG_CXX_LIBRARY = "libc++";
				CLANG_ENABLE_MODULES = YES;
				CLANG_ENABLE_OBJC_ARC = YES;
				CLANG_WARN_BOOL_CONVERSION = YES;
				CLANG_WARN_CONSTANT_CONVERSION = YES;
				CLANG_WARN_DIRECT_OBJC_ISA_USAGE = YES_ERROR;
				CLANG_WARN_EMPTY_BODY = YES;
				CLANG_WARN_ENUM_CONVERSION = YES;
				CLANG_WARN_INT_CONVERSION = YES;
				CLANG_WARN_OBJC_ROOT_CLASS = YES_ERROR;
				CLANG_WARN_UNREACHABLE_CODE = YES;
				CLANG_WARN__DUPLICATE_METHOD_MATCH = YES;
				"CODE_SIGN_IDENTITY[sdk=iphoneos*]" = "iPhone Developer";
				COPY_PHASE_STRIP = NO;
				DEBUG_INFORMATION_FORMAT = "dwarf-with-dsym";
				ENABLE_NS_ASSERTIONS = NO;
				ENABLE_STRICT_OBJC_MSGSEND = YES;
				GCC_C_LANGUAGE_STANDARD = gnu99;
				GCC_NO_COMMON_BLOCKS = YES;
				GCC_WARN_64_TO_32_BIT_CONVERSION = YES;
				GCC_WARN_ABOUT_RETURN_TYPE = YES_ERROR;
				GCC_WARN_UNDECLARED_SELECTOR = YES;
				GCC_WARN_UNINITIALIZED_AUTOS = YES_AGGRESSIVE;
				GCC_WARN_UNUSED_FUNCTION = YES;
				GCC_WARN_UNUSED_VARIABLE = YES;
				IPHONEOS_DEPLOYMENT_TARGET = 9.2;
				MTL_ENABLE_DEBUG_INFO = NO;
				SDKROOT = iphoneos;
				VALIDATE_PRODUCT = YES;
			};
			name = Release;
		};
		44AE2F461C51710400BF963C /* Debug */ = {
			isa = XCBuildConfiguration;
			buildSettings = {
				ASSETCATALOG_COMPILER_APPICON_NAME = AppIcon;
				INFOPLIST_FILE = TestApp/Info.plist;
				LD_RUNPATH_SEARCH_PATHS = "$(inherited) @executable_path/Frameworks";
				PRODUCT_BUNDLE_IDENTIFIER = QC.TestApp;
				PRODUCT_NAME = "$(TARGET_NAME)";
			};
			name = Debug;
		};
		44AE2F471C51710400BF963C /* Release */ = {
			isa = XCBuildConfiguration;
			buildSettings = {
				ASSETCATALOG_COMPILER_APPICON_NAME = AppIcon;
				INFOPLIST_FILE = TestApp/Info.plist;
				LD_RUNPATH_SEARCH_PATHS = "$(inherited) @executable_path/Frameworks";
				PRODUCT_BUNDLE_IDENTIFIER = QC.TestApp;
				PRODUCT_NAME = "$(TARGET_NAME)";
			};
			name = Release;
		};
		44AE2F491C51710400BF963C /* Debug */ = {
			isa = XCBuildConfiguration;
			buildSettings = {
				BUNDLE_LOADER = "$(TEST_HOST)";
				INFOPLIST_FILE = TestAppTests/Info.plist;
				LD_RUNPATH_SEARCH_PATHS = "$(inherited) @executable_path/Frameworks @loader_path/Frameworks";
				PRODUCT_BUNDLE_IDENTIFIER = QC.TestAppTests;
				PRODUCT_NAME = "$(TARGET_NAME)";
				TEST_HOST = "$(BUILT_PRODUCTS_DIR)/TestApp.app/TestApp";
			};
			name = Debug;
		};
		44AE2F4A1C51710400BF963C /* Release */ = {
			isa = XCBuildConfiguration;
			buildSettings = {
				BUNDLE_LOADER = "$(TEST_HOST)";
				INFOPLIST_FILE = TestAppTests/Info.plist;
				LD_RUNPATH_SEARCH_PATHS = "$(inherited) @executable_path/Frameworks @loader_path/Frameworks";
				PRODUCT_BUNDLE_IDENTIFIER = QC.TestAppTests;
				PRODUCT_NAME = "$(TARGET_NAME)";
				TEST_HOST = "$(BUILT_PRODUCTS_DIR)/TestApp.app/TestApp";
			};
			name = Release;
		};
		44AE2F4C1C51710400BF963C /* Debug */ = {
			isa = XCBuildConfiguration;
			buildSettings = {
				INFOPLIST_FILE = TestAppUITests/Info.plist;
				LD_RUNPATH_SEARCH_PATHS = "$(inherited) @executable_path/Frameworks @loader_path/Frameworks";
				PRODUCT_BUNDLE_IDENTIFIER = QC.TestAppUITests;
				PRODUCT_NAME = "$(TARGET_NAME)";
				TEST_TARGET_NAME = TestApp;
				USES_XCTRUNNER = YES;
			};
			name = Debug;
		};
		44AE2F4D1C51710400BF963C /* Release */ = {
			isa = XCBuildConfiguration;
			buildSettings = {
				INFOPLIST_FILE = TestAppUITests/Info.plist;
				LD_RUNPATH_SEARCH_PATHS = "$(inherited) @executable_path/Frameworks @loader_path/Frameworks";
				PRODUCT_BUNDLE_IDENTIFIER = QC.TestAppUITests;
				PRODUCT_NAME = "$(TARGET_NAME)";
				TEST_TARGET_NAME = TestApp;
				USES_XCTRUNNER = YES;
			};
			name = Release;
		};
/* End XCBuildConfiguration section */

/* Begin XCConfigurationList section */
		44AE2F141C51710300BF963C /* Build configuration list for PBXProject "TestApp" */ = {
			isa = XCConfigurationList;
			buildConfigurations = (
				44AE2F431C51710400BF963C /* Debug */,
				44AE2F441C51710400BF963C /* Release */,
			);
			defaultConfigurationIsVisible = 0;
			defaultConfigurationName = Release;
		};
		44AE2F451C51710400BF963C /* Build configuration list for PBXNativeTarget "TestApp" */ = {
			isa = XCConfigurationList;
			buildConfigurations = (
				44AE2F461C51710400BF963C /* Debug */,
				44AE2F471C51710400BF963C /* Release */,
			);
			defaultConfigurationIsVisible = 0;
		};
		44AE2F481C51710400BF963C /* Build configuration list for PBXNativeTarget "TestAppTests" */ = {
			isa = XCConfigurationList;
			buildConfigurations = (
				44AE2F491C51710400BF963C /* Debug */,
				44AE2F4A1C51710400BF963C /* Release */,
			);
			defaultConfigurationIsVisible = 0;
		};
		44AE2F4B1C51710400BF963C /* Build configuration list for PBXNativeTarget "TestAppUITests" */ = {
			isa = XCConfigurationList;
			buildConfigurations = (
				44AE2F4C1C51710400BF963C /* Debug */,
				44AE2F4D1C51710400BF963C /* Release */,
			);
			defaultConfigurationIsVisible = 0;
		};
/* End XCConfigurationList section */
	};
	rootObject = 44AE2F111C51710300BF963C /* Project object */;
}
